
Microsoft Visual Studio Solution File, Format Version 12.00
# Visual Studio Version 16
VisualStudioVersion = 16.0.30717.126
MinimumVisualStudioVersion = 10.0.40219.1
Project("{9A19103F-16F7-4668-BE54-9A1E7A4F7556}") = "Ordering.API", "services\Ordering\Ordering.API\Ordering.API.csproj", "{0D095461-4EFA-4E3B-B4E2-EE42D9F08D7B}"
EndProject
Project("{E53339B2-1760-4266-BCC7-CA923CBCF16C}") = "docker-compose", "docker-compose.dcproj", "{DF6E36B5-B49D-4670-94EF-D2046C215ACC}"
EndProject
Project("{9A19103F-16F7-4668-BE54-9A1E7A4F7556}") = "Ordering.Contracts", "services\Ordering\Ordering.Messages\Ordering.Contracts.csproj", "{4E4C6CA3-4527-4439-AFEB-51F0CD078F42}"
EndProject
Project("{9A19103F-16F7-4668-BE54-9A1E7A4F7556}") = "CreateOrder.Consumer", "services\Ordering\CreateOrder.Consumer\CreateOrder.Consumer.csproj", "{E027CB68-AE5A-426F-BDDD-06B4DDF6908F}"
EndProject
Project("{2150E333-8FDC-42A3-9474-1A3956D46DE8}") = "web", "web", "{52B00DA7-441D-40DB-AF09-80A02BEFC491}"
EndProject
Project("{2150E333-8FDC-42A3-9474-1A3956D46DE8}") = "ordering", "ordering", "{57D551BF-52BC-490D-A91D-9580AEA8CEC9}"
EndProject
Project("{9A19103F-16F7-4668-BE54-9A1E7A4F7556}") = "Burgers.WebSPA", "web\Burgers.WebSPA\Burgers.WebSPA.csproj", "{7528E27E-77C1-451C-ACDE-7944A4C18824}"
EndProject
Project("{9A19103F-16F7-4668-BE54-9A1E7A4F7556}") = "Ordering.State", "services\Ordering\Ordering.State\Ordering.State\Ordering.State.csproj", "{19DE63A3-189E-4EC2-B5D1-AA7D205B00BC}"
EndProject
Project("{9A19103F-16F7-4668-BE54-9A1E7A4F7556}") = "Ordering.StateService", "services\Ordering\Ordering.StateService\Ordering.StateService\Ordering.StateService.csproj", "{C331A008-33E0-4164-BE3A-205ED0D64CB3}"
EndProject
Project("{9A19103F-16F7-4668-BE54-9A1E7A4F7556}") = "ProcessOrder.Consumer", "services\Ordering\ProcessOrder.Consumer\ProcessOrder.Consumer.csproj", "{A936F0F0-AA9D-4A11-8488-81B33338ECC5}"
EndProject
Project("{9A19103F-16F7-4668-BE54-9A1E7A4F7556}") = "Ordering.Domain.Core", "services\Ordering\Ordering.Domain.Core\Ordering.Domain.Core.csproj", "{A2CDD615-8E7F-414B-BB1D-9F25853A8F31}"
EndProject
Project("{9A19103F-16F7-4668-BE54-9A1E7A4F7556}") = "Ordering.Persistence.MartenDb", "services\Ordering\Ordering.Persistence.MartenDb\Ordering.Persistence.MartenDb.csproj", "{6DB77608-A897-40C7-91D4-A13F09416AFA}"
EndProject
Project("{9A19103F-16F7-4668-BE54-9A1E7A4F7556}") = "Ordering.Domain", "services\Ordering\Ordering.Domain\Ordering.Domain.csproj", "{4609ECDF-F471-4151-974B-F1A1D60538F8}"
EndProject
Project("{9A19103F-16F7-4668-BE54-9A1E7A4F7556}") = "Ordering.Persistence.Mongo", "services\Ordering\Ordering.Persistence.Mongo\Ordering.Persistence.Mongo.csproj", "{6037334E-1919-4828-8485-F4B1FE1F0D3A}"
EndProject
Project("{9A19103F-16F7-4668-BE54-9A1E7A4F7556}") = "Ordering.Persistence.MassTransit", "services\Ordering\Ordering.Persistence.RabbitMQ\Ordering.Persistence.MassTransit.csproj", "{2CDAF7E3-8B85-4592-9094-C00FF0F9909E}"
EndProject
Project("{9A19103F-16F7-4668-BE54-9A1E7A4F7556}") = "Ordering.Infrastructure", "services\Ordering\Ordering.Infrastructure\Ordering.Infrastructure.csproj", "{20047E49-6828-4A48-A03A-AC2D5AD8E101}"
EndProject
Project("{9A19103F-16F7-4668-BE54-9A1E7A4F7556}") = "Ordering.Domain.Core.UnitTests", "services\Ordering\Ordering.Domain.Core.UnitTests\Ordering.Domain.Core.UnitTests.csproj", "{9EB7148B-7EAA-4A6A-B9CA-0992FEC1CD27}"
EndProject
Project("{9A19103F-16F7-4668-BE54-9A1E7A4F7556}") = "Ordering.Application", "services\Ordering\Ordering.Application\Ordering.Application.csproj", "{E6D13C9D-7B4E-4B1E-84AA-2C14941D2C87}"
EndProject
Project("{2150E333-8FDC-42A3-9474-1A3956D46DE8}") = "Solution Items", "Solution Items", "{BC06856B-EA26-47A2-B170-4B8265C1F015}"
	ProjectSection(SolutionItems) = preProject
		.editorconfig = .editorconfig
	EndProjectSection
EndProject
Project("{9A19103F-16F7-4668-BE54-9A1E7A4F7556}") = "Ordering.IntegrationTests", "services\Ordering\Ordering.IntegrationTests\Ordering.IntegrationTests.csproj", "{03F2C26B-2506-459F-B416-E8683F558285}"
EndProject
Global
	GlobalSection(SolutionConfigurationPlatforms) = preSolution
		Debug|Any CPU = Debug|Any CPU
		Release|Any CPU = Release|Any CPU
	EndGlobalSection
	GlobalSection(ProjectConfigurationPlatforms) = postSolution
		{0D095461-4EFA-4E3B-B4E2-EE42D9F08D7B}.Debug|Any CPU.ActiveCfg = Debug|Any CPU
		{0D095461-4EFA-4E3B-B4E2-EE42D9F08D7B}.Debug|Any CPU.Build.0 = Debug|Any CPU
		{0D095461-4EFA-4E3B-B4E2-EE42D9F08D7B}.Release|Any CPU.ActiveCfg = Release|Any CPU
		{0D095461-4EFA-4E3B-B4E2-EE42D9F08D7B}.Release|Any CPU.Build.0 = Release|Any CPU
		{DF6E36B5-B49D-4670-94EF-D2046C215ACC}.Debug|Any CPU.ActiveCfg = Debug|Any CPU
		{DF6E36B5-B49D-4670-94EF-D2046C215ACC}.Debug|Any CPU.Build.0 = Debug|Any CPU
		{DF6E36B5-B49D-4670-94EF-D2046C215ACC}.Release|Any CPU.ActiveCfg = Release|Any CPU
		{DF6E36B5-B49D-4670-94EF-D2046C215ACC}.Release|Any CPU.Build.0 = Release|Any CPU
		{4E4C6CA3-4527-4439-AFEB-51F0CD078F42}.Debug|Any CPU.ActiveCfg = Debug|Any CPU
		{4E4C6CA3-4527-4439-AFEB-51F0CD078F42}.Debug|Any CPU.Build.0 = Debug|Any CPU
		{4E4C6CA3-4527-4439-AFEB-51F0CD078F42}.Release|Any CPU.ActiveCfg = Release|Any CPU
		{4E4C6CA3-4527-4439-AFEB-51F0CD078F42}.Release|Any CPU.Build.0 = Release|Any CPU
		{E027CB68-AE5A-426F-BDDD-06B4DDF6908F}.Debug|Any CPU.ActiveCfg = Debug|Any CPU
		{E027CB68-AE5A-426F-BDDD-06B4DDF6908F}.Debug|Any CPU.Build.0 = Debug|Any CPU
		{E027CB68-AE5A-426F-BDDD-06B4DDF6908F}.Release|Any CPU.ActiveCfg = Release|Any CPU
		{E027CB68-AE5A-426F-BDDD-06B4DDF6908F}.Release|Any CPU.Build.0 = Release|Any CPU
		{7528E27E-77C1-451C-ACDE-7944A4C18824}.Debug|Any CPU.ActiveCfg = Debug|Any CPU
		{7528E27E-77C1-451C-ACDE-7944A4C18824}.Debug|Any CPU.Build.0 = Debug|Any CPU
		{7528E27E-77C1-451C-ACDE-7944A4C18824}.Release|Any CPU.ActiveCfg = Release|Any CPU
		{7528E27E-77C1-451C-ACDE-7944A4C18824}.Release|Any CPU.Build.0 = Release|Any CPU
		{19DE63A3-189E-4EC2-B5D1-AA7D205B00BC}.Debug|Any CPU.ActiveCfg = Debug|Any CPU
		{19DE63A3-189E-4EC2-B5D1-AA7D205B00BC}.Debug|Any CPU.Build.0 = Debug|Any CPU
		{19DE63A3-189E-4EC2-B5D1-AA7D205B00BC}.Release|Any CPU.ActiveCfg = Release|Any CPU
		{19DE63A3-189E-4EC2-B5D1-AA7D205B00BC}.Release|Any CPU.Build.0 = Release|Any CPU
		{C331A008-33E0-4164-BE3A-205ED0D64CB3}.Debug|Any CPU.ActiveCfg = Debug|Any CPU
		{C331A008-33E0-4164-BE3A-205ED0D64CB3}.Debug|Any CPU.Build.0 = Debug|Any CPU
		{C331A008-33E0-4164-BE3A-205ED0D64CB3}.Release|Any CPU.ActiveCfg = Release|Any CPU
		{C331A008-33E0-4164-BE3A-205ED0D64CB3}.Release|Any CPU.Build.0 = Release|Any CPU
		{A936F0F0-AA9D-4A11-8488-81B33338ECC5}.Debug|Any CPU.ActiveCfg = Debug|Any CPU
		{A936F0F0-AA9D-4A11-8488-81B33338ECC5}.Debug|Any CPU.Build.0 = Debug|Any CPU
		{A936F0F0-AA9D-4A11-8488-81B33338ECC5}.Release|Any CPU.ActiveCfg = Release|Any CPU
		{A936F0F0-AA9D-4A11-8488-81B33338ECC5}.Release|Any CPU.Build.0 = Release|Any CPU
		{A2CDD615-8E7F-414B-BB1D-9F25853A8F31}.Debug|Any CPU.ActiveCfg = Debug|Any CPU
		{A2CDD615-8E7F-414B-BB1D-9F25853A8F31}.Debug|Any CPU.Build.0 = Debug|Any CPU
		{A2CDD615-8E7F-414B-BB1D-9F25853A8F31}.Release|Any CPU.ActiveCfg = Release|Any CPU
		{A2CDD615-8E7F-414B-BB1D-9F25853A8F31}.Release|Any CPU.Build.0 = Release|Any CPU
		{6DB77608-A897-40C7-91D4-A13F09416AFA}.Debug|Any CPU.ActiveCfg = Debug|Any CPU
		{6DB77608-A897-40C7-91D4-A13F09416AFA}.Debug|Any CPU.Build.0 = Debug|Any CPU
		{6DB77608-A897-40C7-91D4-A13F09416AFA}.Release|Any CPU.ActiveCfg = Release|Any CPU
		{6DB77608-A897-40C7-91D4-A13F09416AFA}.Release|Any CPU.Build.0 = Release|Any CPU
		{4609ECDF-F471-4151-974B-F1A1D60538F8}.Debug|Any CPU.ActiveCfg = Debug|Any CPU
		{4609ECDF-F471-4151-974B-F1A1D60538F8}.Debug|Any CPU.Build.0 = Debug|Any CPU
		{4609ECDF-F471-4151-974B-F1A1D60538F8}.Release|Any CPU.ActiveCfg = Release|Any CPU
		{4609ECDF-F471-4151-974B-F1A1D60538F8}.Release|Any CPU.Build.0 = Release|Any CPU
		{6037334E-1919-4828-8485-F4B1FE1F0D3A}.Debug|Any CPU.ActiveCfg = Debug|Any CPU
		{6037334E-1919-4828-8485-F4B1FE1F0D3A}.Debug|Any CPU.Build.0 = Debug|Any CPU
		{6037334E-1919-4828-8485-F4B1FE1F0D3A}.Release|Any CPU.ActiveCfg = Release|Any CPU
		{6037334E-1919-4828-8485-F4B1FE1F0D3A}.Release|Any CPU.Build.0 = Release|Any CPU
		{2CDAF7E3-8B85-4592-9094-C00FF0F9909E}.Debug|Any CPU.ActiveCfg = Debug|Any CPU
		{2CDAF7E3-8B85-4592-9094-C00FF0F9909E}.Debug|Any CPU.Build.0 = Debug|Any CPU
		{2CDAF7E3-8B85-4592-9094-C00FF0F9909E}.Release|Any CPU.ActiveCfg = Release|Any CPU
		{2CDAF7E3-8B85-4592-9094-C00FF0F9909E}.Release|Any CPU.Build.0 = Release|Any CPU
		{20047E49-6828-4A48-A03A-AC2D5AD8E101}.Debug|Any CPU.ActiveCfg = Debug|Any CPU
		{20047E49-6828-4A48-A03A-AC2D5AD8E101}.Debug|Any CPU.Build.0 = Debug|Any CPU
		{20047E49-6828-4A48-A03A-AC2D5AD8E101}.Release|Any CPU.ActiveCfg = Release|Any CPU
		{20047E49-6828-4A48-A03A-AC2D5AD8E101}.Release|Any CPU.Build.0 = Release|Any CPU
		{9EB7148B-7EAA-4A6A-B9CA-0992FEC1CD27}.Debug|Any CPU.ActiveCfg = Debug|Any CPU
		{9EB7148B-7EAA-4A6A-B9CA-0992FEC1CD27}.Debug|Any CPU.Build.0 = Debug|Any CPU
		{9EB7148B-7EAA-4A6A-B9CA-0992FEC1CD27}.Release|Any CPU.ActiveCfg = Release|Any CPU
		{9EB7148B-7EAA-4A6A-B9CA-0992FEC1CD27}.Release|Any CPU.Build.0 = Release|Any CPU
		{E6D13C9D-7B4E-4B1E-84AA-2C14941D2C87}.Debug|Any CPU.ActiveCfg = Debug|Any CPU
		{E6D13C9D-7B4E-4B1E-84AA-2C14941D2C87}.Debug|Any CPU.Build.0 = Debug|Any CPU
		{E6D13C9D-7B4E-4B1E-84AA-2C14941D2C87}.Release|Any CPU.ActiveCfg = Release|Any CPU
		{E6D13C9D-7B4E-4B1E-84AA-2C14941D2C87}.Release|Any CPU.Build.0 = Release|Any CPU
		{03F2C26B-2506-459F-B416-E8683F558285}.Debug|Any CPU.ActiveCfg = Debug|Any CPU
		{03F2C26B-2506-459F-B416-E8683F558285}.Debug|Any CPU.Build.0 = Debug|Any CPU
		{03F2C26B-2506-459F-B416-E8683F558285}.Release|Any CPU.ActiveCfg = Release|Any CPU
		{03F2C26B-2506-459F-B416-E8683F558285}.Release|Any CPU.Build.0 = Release|Any CPU
	EndGlobalSection
	GlobalSection(SolutionProperties) = preSolution
		HideSolutionNode = FALSE
	EndGlobalSection
	GlobalSection(NestedProjects) = preSolution
		{0D095461-4EFA-4E3B-B4E2-EE42D9F08D7B} = {57D551BF-52BC-490D-A91D-9580AEA8CEC9}
		{4E4C6CA3-4527-4439-AFEB-51F0CD078F42} = {57D551BF-52BC-490D-A91D-9580AEA8CEC9}
		{E027CB68-AE5A-426F-BDDD-06B4DDF6908F} = {57D551BF-52BC-490D-A91D-9580AEA8CEC9}
		{7528E27E-77C1-451C-ACDE-7944A4C18824} = {52B00DA7-441D-40DB-AF09-80A02BEFC491}
		{19DE63A3-189E-4EC2-B5D1-AA7D205B00BC} = {57D551BF-52BC-490D-A91D-9580AEA8CEC9}
		{C331A008-33E0-4164-BE3A-205ED0D64CB3} = {57D551BF-52BC-490D-A91D-9580AEA8CEC9}
		{A936F0F0-AA9D-4A11-8488-81B33338ECC5} = {57D551BF-52BC-490D-A91D-9580AEA8CEC9}
		{A2CDD615-8E7F-414B-BB1D-9F25853A8F31} = {57D551BF-52BC-490D-A91D-9580AEA8CEC9}
		{6DB77608-A897-40C7-91D4-A13F09416AFA} = {57D551BF-52BC-490D-A91D-9580AEA8CEC9}
		{4609ECDF-F471-4151-974B-F1A1D60538F8} = {57D551BF-52BC-490D-A91D-9580AEA8CEC9}
		{6037334E-1919-4828-8485-F4B1FE1F0D3A} = {57D551BF-52BC-490D-A91D-9580AEA8CEC9}
		{2CDAF7E3-8B85-4592-9094-C00FF0F9909E} = {57D551BF-52BC-490D-A91D-9580AEA8CEC9}
		{20047E49-6828-4A48-A03A-AC2D5AD8E101} = {57D551BF-52BC-490D-A91D-9580AEA8CEC9}
		{9EB7148B-7EAA-4A6A-B9CA-0992FEC1CD27} = {57D551BF-52BC-490D-A91D-9580AEA8CEC9}
		{E6D13C9D-7B4E-4B1E-84AA-2C14941D2C87} = {57D551BF-52BC-490D-A91D-9580AEA8CEC9}
		{03F2C26B-2506-459F-B416-E8683F558285} = {57D551BF-52BC-490D-A91D-9580AEA8CEC9}
	EndGlobalSection
	GlobalSection(ExtensibilityGlobals) = postSolution
		SolutionGuid = {02C70C03-DB0D-4686-B6DA-D28229C8C13F}
	EndGlobalSection
EndGlobal
